
Microsoft Visual Studio Solution File, Format Version 12.00
# Visual Studio Version 16
VisualStudioVersion = 16.0.31515.178
MinimumVisualStudioVersion = 10.0.40219.1
Project("{2150E333-8FDC-42A3-9474-1A3956D46DE8}") = "Services", "Services", "{E77665E0-C692-4208-804A-05BA47EC4D29}"
EndProject
Project("{2150E333-8FDC-42A3-9474-1A3956D46DE8}") = "Catalog", "Catalog", "{8FE90A0D-9876-4217-8627-655EFD0715BD}"
EndProject
Project("{9A19103F-16F7-4668-BE54-9A1E7A4F7556}") = "Catalog.Api", "Services\Catalog\Catalog.Api\Catalog.Api.csproj", "{D5E80FFB-CAA9-4C0B-9544-5CEE8E1D2E98}"
EndProject
Project("{E53339B2-1760-4266-BCC7-CA923CBCF16C}") = "docker-compose", "docker-compose.dcproj", "{97A82810-4997-475F-9B5A-57E4810DEC85}"
EndProject
Project("{2150E333-8FDC-42A3-9474-1A3956D46DE8}") = "Basket", "Basket", "{D4B123A1-BC4A-4F61-BAD9-6C14A6808C05}"
EndProject
Project("{9A19103F-16F7-4668-BE54-9A1E7A4F7556}") = "Basket.Api", "Services\Basket\Basket.Api\Basket.Api.csproj", "{FEB048F8-D413-46CD-AEFA-F01F25F8E488}"
EndProject
Project("{2150E333-8FDC-42A3-9474-1A3956D46DE8}") = "Discount", "Discount", "{FBB346A5-9713-4843-9280-2CF5ADC3801C}"
EndProject
Project("{9A19103F-16F7-4668-BE54-9A1E7A4F7556}") = "Discount.Api", "Services\Discount\Discount.Api\Discount.Api.csproj", "{033C9E30-7437-4F9D-8DFE-7D8FA0B7DA1E}"
EndProject
Project("{9A19103F-16F7-4668-BE54-9A1E7A4F7556}") = "Discount.Grpc", "Services\Discount\Discount.Grpc\Discount.Grpc.csproj", "{ABB636C6-2D1C-420F-BEC5-D1AC77BF7A3A}"
EndProject
Project("{2150E333-8FDC-42A3-9474-1A3956D46DE8}") = "Ordering", "Ordering", "{0815C880-FB12-4773-A867-F4DBE811EAE7}"
EndProject
Project("{9A19103F-16F7-4668-BE54-9A1E7A4F7556}") = "Ordering.Api", "Services\Ordering\Ordering.Api\Ordering.Api.csproj", "{D0F369F8-AA1F-4A35-81B5-82252F520F11}"
EndProject
Project("{9A19103F-16F7-4668-BE54-9A1E7A4F7556}") = "Ordering.Domain", "Services\Ordering\Ordering.Domain\Ordering.Domain.csproj", "{491CF8BB-6CC8-4A81-BDBA-8119E8E63AEA}"
EndProject
Project("{9A19103F-16F7-4668-BE54-9A1E7A4F7556}") = "Ordering.Application", "Services\Ordering\Ordering.Application\Ordering.Application.csproj", "{90FB1378-C73D-4BBA-8293-4C34D396B5D8}"
EndProject
Project("{9A19103F-16F7-4668-BE54-9A1E7A4F7556}") = "Ordering.Infrastructure", "Services\Ordering\Ordering.Infrastructure\Ordering.Infrastructure.csproj", "{89792809-B688-426F-BC07-41F4978BD594}"
EndProject
Project("{2150E333-8FDC-42A3-9474-1A3956D46DE8}") = "BuildingBlocks", "BuildingBlocks", "{7336A4BB-67BE-40BB-AD76-F682B690CD35}"
EndProject
Project("{9A19103F-16F7-4668-BE54-9A1E7A4F7556}") = "EventBus.Messages", "BuildingBlocks\EventBus.Messages\EventBus.Messages.csproj", "{51AE9DA2-5CA5-49EC-BD5B-1D75D23197EF}"
EndProject
Project("{2150E333-8FDC-42A3-9474-1A3956D46DE8}") = "ApiGateways", "ApiGateways", "{358D78C4-E05B-4415-83C5-0956FCA28356}"
EndProject
Project("{FAE04EC0-301F-11D3-BF4B-00C04F79EFBC}") = "OcelotApiGw", "ApiGateways\OcelotApiGw\OcelotApiGw.csproj", "{B7B20B5C-A6F7-462E-85DB-742543B27C0F}"
EndProject
Global
	GlobalSection(SolutionConfigurationPlatforms) = preSolution
		Debug|Any CPU = Debug|Any CPU
		Release|Any CPU = Release|Any CPU
	EndGlobalSection
	GlobalSection(ProjectConfigurationPlatforms) = postSolution
		{D5E80FFB-CAA9-4C0B-9544-5CEE8E1D2E98}.Debug|Any CPU.ActiveCfg = Debug|Any CPU
		{D5E80FFB-CAA9-4C0B-9544-5CEE8E1D2E98}.Debug|Any CPU.Build.0 = Debug|Any CPU
		{D5E80FFB-CAA9-4C0B-9544-5CEE8E1D2E98}.Release|Any CPU.ActiveCfg = Release|Any CPU
		{D5E80FFB-CAA9-4C0B-9544-5CEE8E1D2E98}.Release|Any CPU.Build.0 = Release|Any CPU
		{97A82810-4997-475F-9B5A-57E4810DEC85}.Debug|Any CPU.ActiveCfg = Debug|Any CPU
		{97A82810-4997-475F-9B5A-57E4810DEC85}.Debug|Any CPU.Build.0 = Debug|Any CPU
		{97A82810-4997-475F-9B5A-57E4810DEC85}.Release|Any CPU.ActiveCfg = Release|Any CPU
		{97A82810-4997-475F-9B5A-57E4810DEC85}.Release|Any CPU.Build.0 = Release|Any CPU
		{FEB048F8-D413-46CD-AEFA-F01F25F8E488}.Debug|Any CPU.ActiveCfg = Debug|Any CPU
		{FEB048F8-D413-46CD-AEFA-F01F25F8E488}.Debug|Any CPU.Build.0 = Debug|Any CPU
		{FEB048F8-D413-46CD-AEFA-F01F25F8E488}.Release|Any CPU.ActiveCfg = Release|Any CPU
		{FEB048F8-D413-46CD-AEFA-F01F25F8E488}.Release|Any CPU.Build.0 = Release|Any CPU
		{033C9E30-7437-4F9D-8DFE-7D8FA0B7DA1E}.Debug|Any CPU.ActiveCfg = Debug|Any CPU
		{033C9E30-7437-4F9D-8DFE-7D8FA0B7DA1E}.Debug|Any CPU.Build.0 = Debug|Any CPU
		{033C9E30-7437-4F9D-8DFE-7D8FA0B7DA1E}.Release|Any CPU.ActiveCfg = Release|Any CPU
		{033C9E30-7437-4F9D-8DFE-7D8FA0B7DA1E}.Release|Any CPU.Build.0 = Release|Any CPU
		{ABB636C6-2D1C-420F-BEC5-D1AC77BF7A3A}.Debug|Any CPU.ActiveCfg = Debug|Any CPU
		{ABB636C6-2D1C-420F-BEC5-D1AC77BF7A3A}.Debug|Any CPU.Build.0 = Debug|Any CPU
		{ABB636C6-2D1C-420F-BEC5-D1AC77BF7A3A}.Release|Any CPU.ActiveCfg = Release|Any CPU
		{ABB636C6-2D1C-420F-BEC5-D1AC77BF7A3A}.Release|Any CPU.Build.0 = Release|Any CPU
		{D0F369F8-AA1F-4A35-81B5-82252F520F11}.Debug|Any CPU.ActiveCfg = Debug|Any CPU
		{D0F369F8-AA1F-4A35-81B5-82252F520F11}.Debug|Any CPU.Build.0 = Debug|Any CPU
		{D0F369F8-AA1F-4A35-81B5-82252F520F11}.Release|Any CPU.ActiveCfg = Release|Any CPU
		{D0F369F8-AA1F-4A35-81B5-82252F520F11}.Release|Any CPU.Build.0 = Release|Any CPU
		{491CF8BB-6CC8-4A81-BDBA-8119E8E63AEA}.Debug|Any CPU.ActiveCfg = Debug|Any CPU
		{491CF8BB-6CC8-4A81-BDBA-8119E8E63AEA}.Debug|Any CPU.Build.0 = Debug|Any CPU
		{491CF8BB-6CC8-4A81-BDBA-8119E8E63AEA}.Release|Any CPU.ActiveCfg = Release|Any CPU
		{491CF8BB-6CC8-4A81-BDBA-8119E8E63AEA}.Release|Any CPU.Build.0 = Release|Any CPU
		{90FB1378-C73D-4BBA-8293-4C34D396B5D8}.Debug|Any CPU.ActiveCfg = Debug|Any CPU
		{90FB1378-C73D-4BBA-8293-4C34D396B5D8}.Debug|Any CPU.Build.0 = Debug|Any CPU
		{90FB1378-C73D-4BBA-8293-4C34D396B5D8}.Release|Any CPU.ActiveCfg = Release|Any CPU
		{90FB1378-C73D-4BBA-8293-4C34D396B5D8}.Release|Any CPU.Build.0 = Release|Any CPU
		{89792809-B688-426F-BC07-41F4978BD594}.Debug|Any CPU.ActiveCfg = Debug|Any CPU
		{89792809-B688-426F-BC07-41F4978BD594}.Debug|Any CPU.Build.0 = Debug|Any CPU
		{89792809-B688-426F-BC07-41F4978BD594}.Release|Any CPU.ActiveCfg = Release|Any CPU
		{89792809-B688-426F-BC07-41F4978BD594}.Release|Any CPU.Build.0 = Release|Any CPU
		{51AE9DA2-5CA5-49EC-BD5B-1D75D23197EF}.Debug|Any CPU.ActiveCfg = Debug|Any CPU
		{51AE9DA2-5CA5-49EC-BD5B-1D75D23197EF}.Debug|Any CPU.Build.0 = Debug|Any CPU
		{51AE9DA2-5CA5-49EC-BD5B-1D75D23197EF}.Release|Any CPU.ActiveCfg = Release|Any CPU
		{51AE9DA2-5CA5-49EC-BD5B-1D75D23197EF}.Release|Any CPU.Build.0 = Release|Any CPU
		{B7B20B5C-A6F7-462E-85DB-742543B27C0F}.Debug|Any CPU.ActiveCfg = Debug|Any CPU
		{B7B20B5C-A6F7-462E-85DB-742543B27C0F}.Debug|Any CPU.Build.0 = Debug|Any CPU
		{B7B20B5C-A6F7-462E-85DB-742543B27C0F}.Release|Any CPU.ActiveCfg = Release|Any CPU
		{B7B20B5C-A6F7-462E-85DB-742543B27C0F}.Release|Any CPU.Build.0 = Release|Any CPU
	EndGlobalSection
	GlobalSection(SolutionProperties) = preSolution
		HideSolutionNode = FALSE
	EndGlobalSection
	GlobalSection(NestedProjects) = preSolution
		{8FE90A0D-9876-4217-8627-655EFD0715BD} = {E77665E0-C692-4208-804A-05BA47EC4D29}
		{D5E80FFB-CAA9-4C0B-9544-5CEE8E1D2E98} = {8FE90A0D-9876-4217-8627-655EFD0715BD}
		{D4B123A1-BC4A-4F61-BAD9-6C14A6808C05} = {E77665E0-C692-4208-804A-05BA47EC4D29}
		{FEB048F8-D413-46CD-AEFA-F01F25F8E488} = {D4B123A1-BC4A-4F61-BAD9-6C14A6808C05}
		{FBB346A5-9713-4843-9280-2CF5ADC3801C} = {E77665E0-C692-4208-804A-05BA47EC4D29}
		{033C9E30-7437-4F9D-8DFE-7D8FA0B7DA1E} = {FBB346A5-9713-4843-9280-2CF5ADC3801C}
		{ABB636C6-2D1C-420F-BEC5-D1AC77BF7A3A} = {FBB346A5-9713-4843-9280-2CF5ADC3801C}
		{0815C880-FB12-4773-A867-F4DBE811EAE7} = {E77665E0-C692-4208-804A-05BA47EC4D29}
		{D0F369F8-AA1F-4A35-81B5-82252F520F11} = {0815C880-FB12-4773-A867-F4DBE811EAE7}
		{491CF8BB-6CC8-4A81-BDBA-8119E8E63AEA} = {0815C880-FB12-4773-A867-F4DBE811EAE7}
		{90FB1378-C73D-4BBA-8293-4C34D396B5D8} = {0815C880-FB12-4773-A867-F4DBE811EAE7}
		{89792809-B688-426F-BC07-41F4978BD594} = {0815C880-FB12-4773-A867-F4DBE811EAE7}
		{51AE9DA2-5CA5-49EC-BD5B-1D75D23197EF} = {7336A4BB-67BE-40BB-AD76-F682B690CD35}
		{B7B20B5C-A6F7-462E-85DB-742543B27C0F} = {358D78C4-E05B-4415-83C5-0956FCA28356}
	EndGlobalSection
	GlobalSection(ExtensibilityGlobals) = postSolution
		SolutionGuid = {00675DCC-F15E-43BC-80F7-152628A4F5E5}
	EndGlobalSection
EndGlobal
