
Microsoft Visual Studio Solution File, Format Version 12.00
# Visual Studio Version 16
VisualStudioVersion = 16.0.31515.178
MinimumVisualStudioVersion = 10.0.40219.1
Project("{2150E333-8FDC-42A3-9474-1A3956D46DE8}") = "Services", "Services", "{E77665E0-C692-4208-804A-05BA47EC4D29}"
EndProject
Project("{2150E333-8FDC-42A3-9474-1A3956D46DE8}") = "Catalog", "Catalog", "{8FE90A0D-9876-4217-8627-655EFD0715BD}"
EndProject
Project("{9A19103F-16F7-4668-BE54-9A1E7A4F7556}") = "Catalog.Api", "Services\Catalog\Catalog.Api\Catalog.Api.csproj", "{D5E80FFB-CAA9-4C0B-9544-5CEE8E1D2E98}"
EndProject
Project("{E53339B2-1760-4266-BCC7-CA923CBCF16C}") = "docker-compose", "docker-compose.dcproj", "{97A82810-4997-475F-9B5A-57E4810DEC85}"
EndProject
Global
	GlobalSection(SolutionConfigurationPlatforms) = preSolution
		Debug|Any CPU = Debug|Any CPU
		Release|Any CPU = Release|Any CPU
	EndGlobalSection
	GlobalSection(ProjectConfigurationPlatforms) = postSolution
		{D5E80FFB-CAA9-4C0B-9544-5CEE8E1D2E98}.Debug|Any CPU.ActiveCfg = Debug|Any CPU
		{D5E80FFB-CAA9-4C0B-9544-5CEE8E1D2E98}.Debug|Any CPU.Build.0 = Debug|Any CPU
		{D5E80FFB-CAA9-4C0B-9544-5CEE8E1D2E98}.Release|Any CPU.ActiveCfg = Release|Any CPU
		{D5E80FFB-CAA9-4C0B-9544-5CEE8E1D2E98}.Release|Any CPU.Build.0 = Release|Any CPU
		{97A82810-4997-475F-9B5A-57E4810DEC85}.Debug|Any CPU.ActiveCfg = Debug|Any CPU
		{97A82810-4997-475F-9B5A-57E4810DEC85}.Debug|Any CPU.Build.0 = Debug|Any CPU
		{97A82810-4997-475F-9B5A-57E4810DEC85}.Release|Any CPU.ActiveCfg = Release|Any CPU
		{97A82810-4997-475F-9B5A-57E4810DEC85}.Release|Any CPU.Build.0 = Release|Any CPU
	EndGlobalSection
	GlobalSection(SolutionProperties) = preSolution
		HideSolutionNode = FALSE
	EndGlobalSection
	GlobalSection(NestedProjects) = preSolution
		{8FE90A0D-9876-4217-8627-655EFD0715BD} = {E77665E0-C692-4208-804A-05BA47EC4D29}
		{D5E80FFB-CAA9-4C0B-9544-5CEE8E1D2E98} = {8FE90A0D-9876-4217-8627-655EFD0715BD}
	EndGlobalSection
	GlobalSection(ExtensibilityGlobals) = postSolution
		SolutionGuid = {00675DCC-F15E-43BC-80F7-152628A4F5E5}
	EndGlobalSection
EndGlobal
